// !$*UTF8*$!
{
	archiveVersion = 1;
	classes = {
	};
	objectVersion = 56;
	objects = {

/* Begin PBXBuildFile section */
		AA550D782B03D32A0076A4A3 /* CPBFirebaseApp.swift in Sources */ = {isa = PBXBuildFile; fileRef = AA550D772B03D32A0076A4A3 /* CPBFirebaseApp.swift */; };
		AA550D7A2B03D32A0076A4A3 /* ContentView.swift in Sources */ = {isa = PBXBuildFile; fileRef = AA550D792B03D32A0076A4A3 /* ContentView.swift */; };
		AA550D7C2B03D32D0076A4A3 /* Assets.xcassets in Resources */ = {isa = PBXBuildFile; fileRef = AA550D7B2B03D32D0076A4A3 /* Assets.xcassets */; };
		AA550D7F2B03D32D0076A4A3 /* Preview Assets.xcassets in Resources */ = {isa = PBXBuildFile; fileRef = AA550D7E2B03D32D0076A4A3 /* Preview Assets.xcassets */; };
		AA550D862B03D39B0076A4A3 /* GoogleService-Info.plist in Resources */ = {isa = PBXBuildFile; fileRef = AA550D852B03D39B0076A4A3 /* GoogleService-Info.plist */; };
		AA550D892B03D3F40076A4A3 /* FirebaseAnalytics in Frameworks */ = {isa = PBXBuildFile; productRef = AA550D882B03D3F40076A4A3 /* FirebaseAnalytics */; };
		AA550D8B2B03D3F40076A4A3 /* FirebaseAnalyticsOnDeviceConversion in Frameworks */ = {isa = PBXBuildFile; productRef = AA550D8A2B03D3F40076A4A3 /* FirebaseAnalyticsOnDeviceConversion */; };
		AA550D8D2B03D3F40076A4A3 /* FirebaseAnalyticsSwift in Frameworks */ = {isa = PBXBuildFile; productRef = AA550D8C2B03D3F40076A4A3 /* FirebaseAnalyticsSwift */; };
		AA550D8F2B03D3F40076A4A3 /* FirebaseAnalyticsWithoutAdIdSupport in Frameworks */ = {isa = PBXBuildFile; productRef = AA550D8E2B03D3F40076A4A3 /* FirebaseAnalyticsWithoutAdIdSupport */; };
		AA550D912B03D3F40076A4A3 /* FirebaseAppCheck in Frameworks */ = {isa = PBXBuildFile; productRef = AA550D902B03D3F40076A4A3 /* FirebaseAppCheck */; };
		AA550D932B03D3F40076A4A3 /* FirebaseAppDistribution-Beta in Frameworks */ = {isa = PBXBuildFile; productRef = AA550D922B03D3F40076A4A3 /* FirebaseAppDistribution-Beta */; };
		AA550D952B03D3F40076A4A3 /* FirebaseAuth in Frameworks */ = {isa = PBXBuildFile; productRef = AA550D942B03D3F40076A4A3 /* FirebaseAuth */; };
		AA550D972B03D3F40076A4A3 /* FirebaseAuthCombine-Community in Frameworks */ = {isa = PBXBuildFile; productRef = AA550D962B03D3F40076A4A3 /* FirebaseAuthCombine-Community */; };
		AA550D992B03D3F40076A4A3 /* FirebaseCrashlytics in Frameworks */ = {isa = PBXBuildFile; productRef = AA550D982B03D3F40076A4A3 /* FirebaseCrashlytics */; };
		AA550D9B2B03D3F40076A4A3 /* FirebaseDatabase in Frameworks */ = {isa = PBXBuildFile; productRef = AA550D9A2B03D3F40076A4A3 /* FirebaseDatabase */; };
		AA550D9D2B03D3F40076A4A3 /* FirebaseDatabaseSwift in Frameworks */ = {isa = PBXBuildFile; productRef = AA550D9C2B03D3F40076A4A3 /* FirebaseDatabaseSwift */; };
		AA550D9F2B03D3F40076A4A3 /* FirebaseDynamicLinks in Frameworks */ = {isa = PBXBuildFile; productRef = AA550D9E2B03D3F40076A4A3 /* FirebaseDynamicLinks */; };
		AA550DA12B03D3F40076A4A3 /* FirebaseFirestore in Frameworks */ = {isa = PBXBuildFile; productRef = AA550DA02B03D3F40076A4A3 /* FirebaseFirestore */; };
		AA550DA32B03D3F40076A4A3 /* FirebaseFirestoreCombine-Community in Frameworks */ = {isa = PBXBuildFile; productRef = AA550DA22B03D3F40076A4A3 /* FirebaseFirestoreCombine-Community */; };
		AA550DA52B03D3F40076A4A3 /* FirebaseFirestoreSwift in Frameworks */ = {isa = PBXBuildFile; productRef = AA550DA42B03D3F40076A4A3 /* FirebaseFirestoreSwift */; };
		AA550DA72B03D7720076A4A3 /* CollegeViewModel.swift in Sources */ = {isa = PBXBuildFile; fileRef = AA550DA62B03D7720076A4A3 /* CollegeViewModel.swift */; };
		AA550DA92B03D7840076A4A3 /* CollegeModel.swift in Sources */ = {isa = PBXBuildFile; fileRef = AA550DA82B03D7840076A4A3 /* CollegeModel.swift */; };
/* End PBXBuildFile section */

/* Begin PBXFileReference section */
		AA550D742B03D32A0076A4A3 /* CPBFirebase.app */ = {isa = PBXFileReference; explicitFileType = wrapper.application; includeInIndex = 0; path = CPBFirebase.app; sourceTree = BUILT_PRODUCTS_DIR; };
		AA550D772B03D32A0076A4A3 /* CPBFirebaseApp.swift */ = {isa = PBXFileReference; lastKnownFileType = sourcecode.swift; path = CPBFirebaseApp.swift; sourceTree = "<group>"; };
		AA550D792B03D32A0076A4A3 /* ContentView.swift */ = {isa = PBXFileReference; lastKnownFileType = sourcecode.swift; path = ContentView.swift; sourceTree = "<group>"; };
		AA550D7B2B03D32D0076A4A3 /* Assets.xcassets */ = {isa = PBXFileReference; lastKnownFileType = folder.assetcatalog; path = Assets.xcassets; sourceTree = "<group>"; };
		AA550D7E2B03D32D0076A4A3 /* Preview Assets.xcassets */ = {isa = PBXFileReference; lastKnownFileType = folder.assetcatalog; path = "Preview Assets.xcassets"; sourceTree = "<group>"; };
		AA550D852B03D39B0076A4A3 /* GoogleService-Info.plist */ = {isa = PBXFileReference; fileEncoding = 4; lastKnownFileType = text.plist.xml; path = "GoogleService-Info.plist"; sourceTree = "<group>"; };
		AA550DA62B03D7720076A4A3 /* CollegeViewModel.swift */ = {isa = PBXFileReference; lastKnownFileType = sourcecode.swift; path = CollegeViewModel.swift; sourceTree = "<group>"; };
		AA550DA82B03D7840076A4A3 /* CollegeModel.swift */ = {isa = PBXFileReference; lastKnownFileType = sourcecode.swift; path = CollegeModel.swift; sourceTree = "<group>"; };
/* End PBXFileReference section */

/* Begin PBXFrameworksBuildPhase section */
		AA550D712B03D32A0076A4A3 /* Frameworks */ = {
			isa = PBXFrameworksBuildPhase;
			buildActionMask = 2147483647;
			files = (
				AA550D9B2B03D3F40076A4A3 /* FirebaseDatabase in Frameworks */,
				AA550DA12B03D3F40076A4A3 /* FirebaseFirestore in Frameworks */,
				AA550D8D2B03D3F40076A4A3 /* FirebaseAnalyticsSwift in Frameworks */,
				AA550D892B03D3F40076A4A3 /* FirebaseAnalytics in Frameworks */,
				AA550D8B2B03D3F40076A4A3 /* FirebaseAnalyticsOnDeviceConversion in Frameworks */,
				AA550DA52B03D3F40076A4A3 /* FirebaseFirestoreSwift in Frameworks */,
				AA550D912B03D3F40076A4A3 /* FirebaseAppCheck in Frameworks */,
				AA550D8F2B03D3F40076A4A3 /* FirebaseAnalyticsWithoutAdIdSupport in Frameworks */,
				AA550D952B03D3F40076A4A3 /* FirebaseAuth in Frameworks */,
				AA550D992B03D3F40076A4A3 /* FirebaseCrashlytics in Frameworks */,
				AA550D9D2B03D3F40076A4A3 /* FirebaseDatabaseSwift in Frameworks */,
				AA550D932B03D3F40076A4A3 /* FirebaseAppDistribution-Beta in Frameworks */,
				AA550D972B03D3F40076A4A3 /* FirebaseAuthCombine-Community in Frameworks */,
				AA550D9F2B03D3F40076A4A3 /* FirebaseDynamicLinks in Frameworks */,
				AA550DA32B03D3F40076A4A3 /* FirebaseFirestoreCombine-Community in Frameworks */,
			);
			runOnlyForDeploymentPostprocessing = 0;
		};
/* End PBXFrameworksBuildPhase section */

/* Begin PBXGroup section */
		AA550D6B2B03D32A0076A4A3 = {
			isa = PBXGroup;
			children = (
				AA550D762B03D32A0076A4A3 /* CPBFirebase */,
				AA550D752B03D32A0076A4A3 /* Products */,
			);
			sourceTree = "<group>";
		};
		AA550D752B03D32A0076A4A3 /* Products */ = {
			isa = PBXGroup;
			children = (
				AA550D742B03D32A0076A4A3 /* CPBFirebase.app */,
			);
			name = Products;
			sourceTree = "<group>";
		};
		AA550D762B03D32A0076A4A3 /* CPBFirebase */ = {
			isa = PBXGroup;
			children = (
				AA550D772B03D32A0076A4A3 /* CPBFirebaseApp.swift */,
				AA550D792B03D32A0076A4A3 /* ContentView.swift */,
				AA550DA62B03D7720076A4A3 /* CollegeViewModel.swift */,
				AA550DA82B03D7840076A4A3 /* CollegeModel.swift */,
				AA550D7B2B03D32D0076A4A3 /* Assets.xcassets */,
				AA550D852B03D39B0076A4A3 /* GoogleService-Info.plist */,
				AA550D7D2B03D32D0076A4A3 /* Preview Content */,
			);
			path = CPBFirebase;
			sourceTree = "<group>";
		};
		AA550D7D2B03D32D0076A4A3 /* Preview Content */ = {
			isa = PBXGroup;
			children = (
				AA550D7E2B03D32D0076A4A3 /* Preview Assets.xcassets */,
			);
			path = "Preview Content";
			sourceTree = "<group>";
		};
/* End PBXGroup section */

/* Begin PBXNativeTarget section */
		AA550D732B03D32A0076A4A3 /* CPBFirebase */ = {
			isa = PBXNativeTarget;
			buildConfigurationList = AA550D822B03D32D0076A4A3 /* Build configuration list for PBXNativeTarget "CPBFirebase" */;
			buildPhases = (
				AA550D702B03D32A0076A4A3 /* Sources */,
				AA550D712B03D32A0076A4A3 /* Frameworks */,
				AA550D722B03D32A0076A4A3 /* Resources */,
			);
			buildRules = (
			);
			dependencies = (
			);
			name = CPBFirebase;
			packageProductDependencies = (
				AA550D882B03D3F40076A4A3 /* FirebaseAnalytics */,
				AA550D8A2B03D3F40076A4A3 /* FirebaseAnalyticsOnDeviceConversion */,
				AA550D8C2B03D3F40076A4A3 /* FirebaseAnalyticsSwift */,
				AA550D8E2B03D3F40076A4A3 /* FirebaseAnalyticsWithoutAdIdSupport */,
				AA550D902B03D3F40076A4A3 /* FirebaseAppCheck */,
				AA550D922B03D3F40076A4A3 /* FirebaseAppDistribution-Beta */,
				AA550D942B03D3F40076A4A3 /* FirebaseAuth */,
				AA550D962B03D3F40076A4A3 /* FirebaseAuthCombine-Community */,
				AA550D982B03D3F40076A4A3 /* FirebaseCrashlytics */,
				AA550D9A2B03D3F40076A4A3 /* FirebaseDatabase */,
				AA550D9C2B03D3F40076A4A3 /* FirebaseDatabaseSwift */,
				AA550D9E2B03D3F40076A4A3 /* FirebaseDynamicLinks */,
				AA550DA02B03D3F40076A4A3 /* FirebaseFirestore */,
				AA550DA22B03D3F40076A4A3 /* FirebaseFirestoreCombine-Community */,
				AA550DA42B03D3F40076A4A3 /* FirebaseFirestoreSwift */,
			);
			productName = CPBFirebase;
			productReference = AA550D742B03D32A0076A4A3 /* CPBFirebase.app */;
			productType = "com.apple.product-type.application";
		};
/* End PBXNativeTarget section */

/* Begin PBXProject section */
		AA550D6C2B03D32A0076A4A3 /* Project object */ = {
			isa = PBXProject;
			attributes = {
				BuildIndependentTargetsInParallel = 1;
				LastSwiftUpdateCheck = 1500;
				LastUpgradeCheck = 1500;
				TargetAttributes = {
					AA550D732B03D32A0076A4A3 = {
						CreatedOnToolsVersion = 15.0.1;
					};
				};
			};
			buildConfigurationList = AA550D6F2B03D32A0076A4A3 /* Build configuration list for PBXProject "CPBFirebase" */;
			compatibilityVersion = "Xcode 14.0";
			developmentRegion = en;
			hasScannedForEncodings = 0;
			knownRegions = (
				en,
				Base,
			);
			mainGroup = AA550D6B2B03D32A0076A4A3;
			packageReferences = (
				AA550D872B03D3F40076A4A3 /* XCRemoteSwiftPackageReference "firebase-ios-sdk" */,
			);
			productRefGroup = AA550D752B03D32A0076A4A3 /* Products */;
			projectDirPath = "";
			projectRoot = "";
			targets = (
				AA550D732B03D32A0076A4A3 /* CPBFirebase */,
			);
		};
/* End PBXProject section */

/* Begin PBXResourcesBuildPhase section */
		AA550D722B03D32A0076A4A3 /* Resources */ = {
			isa = PBXResourcesBuildPhase;
			buildActionMask = 2147483647;
			files = (
				AA550D7F2B03D32D0076A4A3 /* Preview Assets.xcassets in Resources */,
				AA550D7C2B03D32D0076A4A3 /* Assets.xcassets in Resources */,
				AA550D862B03D39B0076A4A3 /* GoogleService-Info.plist in Resources */,
			);
			runOnlyForDeploymentPostprocessing = 0;
		};
/* End PBXResourcesBuildPhase section */

/* Begin PBXSourcesBuildPhase section */
		AA550D702B03D32A0076A4A3 /* Sources */ = {
			isa = PBXSourcesBuildPhase;
			buildActionMask = 2147483647;
			files = (
				AA550DA72B03D7720076A4A3 /* CollegeViewModel.swift in Sources */,
				AA550DA92B03D7840076A4A3 /* CollegeModel.swift in Sources */,
				AA550D7A2B03D32A0076A4A3 /* ContentView.swift in Sources */,
				AA550D782B03D32A0076A4A3 /* CPBFirebaseApp.swift in Sources */,
			);
			runOnlyForDeploymentPostprocessing = 0;
		};
/* End PBXSourcesBuildPhase section */

/* Begin XCBuildConfiguration section */
		AA550D802B03D32D0076A4A3 /* Debug */ = {
			isa = XCBuildConfiguration;
			buildSettings = {
				ALWAYS_SEARCH_USER_PATHS = NO;
				ASSETCATALOG_COMPILER_GENERATE_SWIFT_ASSET_SYMBOL_EXTENSIONS = YES;
				CLANG_ANALYZER_NONNULL = YES;
				CLANG_ANALYZER_NUMBER_OBJECT_CONVERSION = YES_AGGRESSIVE;
				CLANG_CXX_LANGUAGE_STANDARD = "gnu++20";
				CLANG_ENABLE_MODULES = YES;
				CLANG_ENABLE_OBJC_ARC = YES;
				CLANG_ENABLE_OBJC_WEAK = YES;
				CLANG_WARN_BLOCK_CAPTURE_AUTORELEASING = YES;
				CLANG_WARN_BOOL_CONVERSION = YES;
				CLANG_WARN_COMMA = YES;
				CLANG_WARN_CONSTANT_CONVERSION = YES;
				CLANG_WARN_DEPRECATED_OBJC_IMPLEMENTATIONS = YES;
				CLANG_WARN_DIRECT_OBJC_ISA_USAGE = YES_ERROR;
				CLANG_WARN_DOCUMENTATION_COMMENTS = YES;
				CLANG_WARN_EMPTY_BODY = YES;
				CLANG_WARN_ENUM_CONVERSION = YES;
				CLANG_WARN_INFINITE_RECURSION = YES;
				CLANG_WARN_INT_CONVERSION = YES;
				CLANG_WARN_NON_LITERAL_NULL_CONVERSION = YES;
				CLANG_WARN_OBJC_IMPLICIT_RETAIN_SELF = YES;
				CLANG_WARN_OBJC_LITERAL_CONVERSION = YES;
				CLANG_WARN_OBJC_ROOT_CLASS = YES_ERROR;
				CLANG_WARN_QUOTED_INCLUDE_IN_FRAMEWORK_HEADER = YES;
				CLANG_WARN_RANGE_LOOP_ANALYSIS = YES;
				CLANG_WARN_STRICT_PROTOTYPES = YES;
				CLANG_WARN_SUSPICIOUS_MOVE = YES;
				CLANG_WARN_UNGUARDED_AVAILABILITY = YES_AGGRESSIVE;
				CLANG_WARN_UNREACHABLE_CODE = YES;
				CLANG_WARN__DUPLICATE_METHOD_MATCH = YES;
				COPY_PHASE_STRIP = NO;
				DEBUG_INFORMATION_FORMAT = dwarf;
				ENABLE_STRICT_OBJC_MSGSEND = YES;
				ENABLE_TESTABILITY = YES;
				ENABLE_USER_SCRIPT_SANDBOXING = YES;
				GCC_C_LANGUAGE_STANDARD = gnu17;
				GCC_DYNAMIC_NO_PIC = NO;
				GCC_NO_COMMON_BLOCKS = YES;
				GCC_OPTIMIZATION_LEVEL = 0;
				GCC_PREPROCESSOR_DEFINITIONS = (
					"DEBUG=1",
					"$(inherited)",
				);
				GCC_WARN_64_TO_32_BIT_CONVERSION = YES;
				GCC_WARN_ABOUT_RETURN_TYPE = YES_ERROR;
				GCC_WARN_UNDECLARED_SELECTOR = YES;
				GCC_WARN_UNINITIALIZED_AUTOS = YES_AGGRESSIVE;
				GCC_WARN_UNUSED_FUNCTION = YES;
				GCC_WARN_UNUSED_VARIABLE = YES;
				IPHONEOS_DEPLOYMENT_TARGET = 17.0;
				LOCALIZATION_PREFERS_STRING_CATALOGS = YES;
				MTL_ENABLE_DEBUG_INFO = INCLUDE_SOURCE;
				MTL_FAST_MATH = YES;
				ONLY_ACTIVE_ARCH = YES;
				SDKROOT = iphoneos;
				SWIFT_ACTIVE_COMPILATION_CONDITIONS = "DEBUG $(inherited)";
				SWIFT_OPTIMIZATION_LEVEL = "-Onone";
			};
			name = Debug;
		};
		AA550D812B03D32D0076A4A3 /* Release */ = {
			isa = XCBuildConfiguration;
			buildSettings = {
				ALWAYS_SEARCH_USER_PATHS = NO;
				ASSETCATALOG_COMPILER_GENERATE_SWIFT_ASSET_SYMBOL_EXTENSIONS = YES;
				CLANG_ANALYZER_NONNULL = YES;
				CLANG_ANALYZER_NUMBER_OBJECT_CONVERSION = YES_AGGRESSIVE;
				CLANG_CXX_LANGUAGE_STANDARD = "gnu++20";
				CLANG_ENABLE_MODULES = YES;
				CLANG_ENABLE_OBJC_ARC = YES;
				CLANG_ENABLE_OBJC_WEAK = YES;
				CLANG_WARN_BLOCK_CAPTURE_AUTORELEASING = YES;
				CLANG_WARN_BOOL_CONVERSION = YES;
				CLANG_WARN_COMMA = YES;
				CLANG_WARN_CONSTANT_CONVERSION = YES;
				CLANG_WARN_DEPRECATED_OBJC_IMPLEMENTATIONS = YES;
				CLANG_WARN_DIRECT_OBJC_ISA_USAGE = YES_ERROR;
				CLANG_WARN_DOCUMENTATION_COMMENTS = YES;
				CLANG_WARN_EMPTY_BODY = YES;
				CLANG_WARN_ENUM_CONVERSION = YES;
				CLANG_WARN_INFINITE_RECURSION = YES;
				CLANG_WARN_INT_CONVERSION = YES;
				CLANG_WARN_NON_LITERAL_NULL_CONVERSION = YES;
				CLANG_WARN_OBJC_IMPLICIT_RETAIN_SELF = YES;
				CLANG_WARN_OBJC_LITERAL_CONVERSION = YES;
				CLANG_WARN_OBJC_ROOT_CLASS = YES_ERROR;
				CLANG_WARN_QUOTED_INCLUDE_IN_FRAMEWORK_HEADER = YES;
				CLANG_WARN_RANGE_LOOP_ANALYSIS = YES;
				CLANG_WARN_STRICT_PROTOTYPES = YES;
				CLANG_WARN_SUSPICIOUS_MOVE = YES;
				CLANG_WARN_UNGUARDED_AVAILABILITY = YES_AGGRESSIVE;
				CLANG_WARN_UNREACHABLE_CODE = YES;
				CLANG_WARN__DUPLICATE_METHOD_MATCH = YES;
				COPY_PHASE_STRIP = NO;
				DEBUG_INFORMATION_FORMAT = "dwarf-with-dsym";
				ENABLE_NS_ASSERTIONS = NO;
				ENABLE_STRICT_OBJC_MSGSEND = YES;
				ENABLE_USER_SCRIPT_SANDBOXING = YES;
				GCC_C_LANGUAGE_STANDARD = gnu17;
				GCC_NO_COMMON_BLOCKS = YES;
				GCC_WARN_64_TO_32_BIT_CONVERSION = YES;
				GCC_WARN_ABOUT_RETURN_TYPE = YES_ERROR;
				GCC_WARN_UNDECLARED_SELECTOR = YES;
				GCC_WARN_UNINITIALIZED_AUTOS = YES_AGGRESSIVE;
				GCC_WARN_UNUSED_FUNCTION = YES;
				GCC_WARN_UNUSED_VARIABLE = YES;
				IPHONEOS_DEPLOYMENT_TARGET = 17.0;
				LOCALIZATION_PREFERS_STRING_CATALOGS = YES;
				MTL_ENABLE_DEBUG_INFO = NO;
				MTL_FAST_MATH = YES;
				SDKROOT = iphoneos;
				SWIFT_COMPILATION_MODE = wholemodule;
				VALIDATE_PRODUCT = YES;
			};
			name = Release;
		};
		AA550D832B03D32D0076A4A3 /* Debug */ = {
			isa = XCBuildConfiguration;
			buildSettings = {
				ASSETCATALOG_COMPILER_APPICON_NAME = AppIcon;
				ASSETCATALOG_COMPILER_GLOBAL_ACCENT_COLOR_NAME = AccentColor;
				CODE_SIGN_STYLE = Automatic;
				CURRENT_PROJECT_VERSION = 1;
				DEVELOPMENT_ASSET_PATHS = "\"CPBFirebase/Preview Content\"";
				ENABLE_PREVIEWS = YES;
				GENERATE_INFOPLIST_FILE = YES;
				INFOPLIST_KEY_UIApplicationSceneManifest_Generation = YES;
				INFOPLIST_KEY_UIApplicationSupportsIndirectInputEvents = YES;
				INFOPLIST_KEY_UILaunchScreen_Generation = YES;
				INFOPLIST_KEY_UISupportedInterfaceOrientations_iPad = "UIInterfaceOrientationPortrait UIInterfaceOrientationPortraitUpsideDown UIInterfaceOrientationLandscapeLeft UIInterfaceOrientationLandscapeRight";
				INFOPLIST_KEY_UISupportedInterfaceOrientations_iPhone = "UIInterfaceOrientationPortrait UIInterfaceOrientationLandscapeLeft UIInterfaceOrientationLandscapeRight";
				LD_RUNPATH_SEARCH_PATHS = (
					"$(inherited)",
					"@executable_path/Frameworks",
				);
				MARKETING_VERSION = 1.0;
				PRODUCT_BUNDLE_IDENTIFIER = org.jhhs.625106.CPBFirebase;
				PRODUCT_NAME = "$(TARGET_NAME)";
				SWIFT_EMIT_LOC_STRINGS = YES;
				SWIFT_VERSION = 5.0;
				TARGETED_DEVICE_FAMILY = "1,2";
			};
			name = Debug;
		};
		AA550D842B03D32D0076A4A3 /* Release */ = {
			isa = XCBuildConfiguration;
			buildSettings = {
				ASSETCATALOG_COMPILER_APPICON_NAME = AppIcon;
				ASSETCATALOG_COMPILER_GLOBAL_ACCENT_COLOR_NAME = AccentColor;
				CODE_SIGN_STYLE = Automatic;
				CURRENT_PROJECT_VERSION = 1;
				DEVELOPMENT_ASSET_PATHS = "\"CPBFirebase/Preview Content\"";
				ENABLE_PREVIEWS = YES;
				GENERATE_INFOPLIST_FILE = YES;
				INFOPLIST_KEY_UIApplicationSceneManifest_Generation = YES;
				INFOPLIST_KEY_UIApplicationSupportsIndirectInputEvents = YES;
				INFOPLIST_KEY_UILaunchScreen_Generation = YES;
				INFOPLIST_KEY_UISupportedInterfaceOrientations_iPad = "UIInterfaceOrientationPortrait UIInterfaceOrientationPortraitUpsideDown UIInterfaceOrientationLandscapeLeft UIInterfaceOrientationLandscapeRight";
				INFOPLIST_KEY_UISupportedInterfaceOrientations_iPhone = "UIInterfaceOrientationPortrait UIInterfaceOrientationLandscapeLeft UIInterfaceOrientationLandscapeRight";
				LD_RUNPATH_SEARCH_PATHS = (
					"$(inherited)",
					"@executable_path/Frameworks",
				);
				MARKETING_VERSION = 1.0;
				PRODUCT_BUNDLE_IDENTIFIER = org.jhhs.625106.CPBFirebase;
				PRODUCT_NAME = "$(TARGET_NAME)";
				SWIFT_EMIT_LOC_STRINGS = YES;
				SWIFT_VERSION = 5.0;
				TARGETED_DEVICE_FAMILY = "1,2";
			};
			name = Release;
		};
/* End XCBuildConfiguration section */

/* Begin XCConfigurationList section */
		AA550D6F2B03D32A0076A4A3 /* Build configuration list for PBXProject "CPBFirebase" */ = {
			isa = XCConfigurationList;
			buildConfigurations = (
				AA550D802B03D32D0076A4A3 /* Debug */,
				AA550D812B03D32D0076A4A3 /* Release */,
			);
			defaultConfigurationIsVisible = 0;
			defaultConfigurationName = Release;
		};
		AA550D822B03D32D0076A4A3 /* Build configuration list for PBXNativeTarget "CPBFirebase" */ = {
			isa = XCConfigurationList;
			buildConfigurations = (
				AA550D832B03D32D0076A4A3 /* Debug */,
				AA550D842B03D32D0076A4A3 /* Release */,
			);
			defaultConfigurationIsVisible = 0;
			defaultConfigurationName = Release;
		};
/* End XCConfigurationList section */

/* Begin XCRemoteSwiftPackageReference section */
		AA550D872B03D3F40076A4A3 /* XCRemoteSwiftPackageReference "firebase-ios-sdk" */ = {
			isa = XCRemoteSwiftPackageReference;
			repositoryURL = "https://github.com/firebase/firebase-ios-sdk";
			requirement = {
				kind = upToNextMajorVersion;
				minimumVersion = 10.18.0;
			};
		};
/* End XCRemoteSwiftPackageReference section */

/* Begin XCSwiftPackageProductDependency section */
		AA550D882B03D3F40076A4A3 /* FirebaseAnalytics */ = {
			isa = XCSwiftPackageProductDependency;
			package = AA550D872B03D3F40076A4A3 /* XCRemoteSwiftPackageReference "firebase-ios-sdk" */;
			productName = FirebaseAnalytics;
		};
		AA550D8A2B03D3F40076A4A3 /* FirebaseAnalyticsOnDeviceConversion */ = {
			isa = XCSwiftPackageProductDependency;
			package = AA550D872B03D3F40076A4A3 /* XCRemoteSwiftPackageReference "firebase-ios-sdk" */;
			productName = FirebaseAnalyticsOnDeviceConversion;
		};
		AA550D8C2B03D3F40076A4A3 /* FirebaseAnalyticsSwift */ = {
			isa = XCSwiftPackageProductDependency;
			package = AA550D872B03D3F40076A4A3 /* XCRemoteSwiftPackageReference "firebase-ios-sdk" */;
			productName = FirebaseAnalyticsSwift;
		};
		AA550D8E2B03D3F40076A4A3 /* FirebaseAnalyticsWithoutAdIdSupport */ = {
			isa = XCSwiftPackageProductDependency;
			package = AA550D872B03D3F40076A4A3 /* XCRemoteSwiftPackageReference "firebase-ios-sdk" */;
			productName = FirebaseAnalyticsWithoutAdIdSupport;
		};
		AA550D902B03D3F40076A4A3 /* FirebaseAppCheck */ = {
			isa = XCSwiftPackageProductDependency;
			package = AA550D872B03D3F40076A4A3 /* XCRemoteSwiftPackageReference "firebase-ios-sdk" */;
			productName = FirebaseAppCheck;
		};
		AA550D922B03D3F40076A4A3 /* FirebaseAppDistribution-Beta */ = {
			isa = XCSwiftPackageProductDependency;
			package = AA550D872B03D3F40076A4A3 /* XCRemoteSwiftPackageReference "firebase-ios-sdk" */;
			productName = "FirebaseAppDistribution-Beta";
		};
		AA550D942B03D3F40076A4A3 /* FirebaseAuth */ = {
			isa = XCSwiftPackageProductDependency;
			package = AA550D872B03D3F40076A4A3 /* XCRemoteSwiftPackageReference "firebase-ios-sdk" */;
			productName = FirebaseAuth;
		};
		AA550D962B03D3F40076A4A3 /* FirebaseAuthCombine-Community */ = {
			isa = XCSwiftPackageProductDependency;
			package = AA550D872B03D3F40076A4A3 /* XCRemoteSwiftPackageReference "firebase-ios-sdk" */;
			productName = "FirebaseAuthCombine-Community";
		};
		AA550D982B03D3F40076A4A3 /* FirebaseCrashlytics */ = {
			isa = XCSwiftPackageProductDependency;
			package = AA550D872B03D3F40076A4A3 /* XCRemoteSwiftPackageReference "firebase-ios-sdk" */;
			productName = FirebaseCrashlytics;
		};
		AA550D9A2B03D3F40076A4A3 /* FirebaseDatabase */ = {
			isa = XCSwiftPackageProductDependency;
			package = AA550D872B03D3F40076A4A3 /* XCRemoteSwiftPackageReference "firebase-ios-sdk" */;
			productName = FirebaseDatabase;
		};
		AA550D9C2B03D3F40076A4A3 /* FirebaseDatabaseSwift */ = {
			isa = XCSwiftPackageProductDependency;
			package = AA550D872B03D3F40076A4A3 /* XCRemoteSwiftPackageReference "firebase-ios-sdk" */;
			productName = FirebaseDatabaseSwift;
		};
		AA550D9E2B03D3F40076A4A3 /* FirebaseDynamicLinks */ = {
			isa = XCSwiftPackageProductDependency;
			package = AA550D872B03D3F40076A4A3 /* XCRemoteSwiftPackageReference "firebase-ios-sdk" */;
			productName = FirebaseDynamicLinks;
		};
		AA550DA02B03D3F40076A4A3 /* FirebaseFirestore */ = {
			isa = XCSwiftPackageProductDependency;
			package = AA550D872B03D3F40076A4A3 /* XCRemoteSwiftPackageReference "firebase-ios-sdk" */;
			productName = FirebaseFirestore;
		};
		AA550DA22B03D3F40076A4A3 /* FirebaseFirestoreCombine-Community */ = {
			isa = XCSwiftPackageProductDependency;
			package = AA550D872B03D3F40076A4A3 /* XCRemoteSwiftPackageReference "firebase-ios-sdk" */;
			productName = "FirebaseFirestoreCombine-Community";
		};
		AA550DA42B03D3F40076A4A3 /* FirebaseFirestoreSwift */ = {
			isa = XCSwiftPackageProductDependency;
			package = AA550D872B03D3F40076A4A3 /* XCRemoteSwiftPackageReference "firebase-ios-sdk" */;
			productName = FirebaseFirestoreSwift;
		};
/* End XCSwiftPackageProductDependency section */
	};
	rootObject = AA550D6C2B03D32A0076A4A3 /* Project object */;
}
